// !$*UTF8*$!
{
	archiveVersion = 1;
	classes = {
	};
	objectVersion = 63;
	objects = {

/* Begin PBXBuildFile section */
		56649C3E2CDF37AF00C7048C /* SimpleCard.swift in Sources */ = {isa = PBXBuildFile; fileRef = 56649C342CDF37AF00C7048C /* SimpleCard.swift */; };
		56649C3F2CDF37AF00C7048C /* SimpleIconCard.swift in Sources */ = {isa = PBXBuildFile; fileRef = 56649C352CDF37AF00C7048C /* SimpleIconCard.swift */; };
		56649C402CDF37AF00C7048C /* StarReview.swift in Sources */ = {isa = PBXBuildFile; fileRef = 56649C362CDF37AF00C7048C /* StarReview.swift */; };
		56649C412CDF37AF00C7048C /* ContentView.swift in Sources */ = {isa = PBXBuildFile; fileRef = 56649C3B2CDF37AF00C7048C /* ContentView.swift */; };
		56649C422CDF37AF00C7048C /* MyListComponentsApp.swift in Sources */ = {isa = PBXBuildFile; fileRef = 56649C3C2CDF37AF00C7048C /* MyListComponentsApp.swift */; };
		56649C432CDF37AF00C7048C /* Preview Assets.xcassets in Resources */ = {isa = PBXBuildFile; fileRef = 56649C382CDF37AF00C7048C /* Preview Assets.xcassets */; };
		56649C442CDF37AF00C7048C /* Assets.xcassets in Resources */ = {isa = PBXBuildFile; fileRef = 56649C3A2CDF37AF00C7048C /* Assets.xcassets */; };
		E0594A0A2CDF3C9F004CCBFE /* AccountManagementView.swift in Sources */ = {isa = PBXBuildFile; fileRef = E0594A092CDF3C9F004CCBFE /* AccountManagementView.swift */; };
		E0594A0C2CDF4B5B004CCBFE /* AlarmRow.swift in Sources */ = {isa = PBXBuildFile; fileRef = E0594A0B2CDF4B53004CCBFE /* AlarmRow.swift */; };
		E0594A0E2CDF571C004CCBFE /* hightView.swift in Sources */ = {isa = PBXBuildFile; fileRef = E0594A0D2CDF5712004CCBFE /* hightView.swift */; };
/* End PBXBuildFile section */

/* Begin PBXFileReference section */
		56649BD52CDF15D500C7048C /* MyListComponents.app */ = {isa = PBXFileReference; explicitFileType = wrapper.application; includeInIndex = 0; path = MyListComponents.app; sourceTree = BUILT_PRODUCTS_DIR; };
		56649C342CDF37AF00C7048C /* SimpleCard.swift */ = {isa = PBXFileReference; lastKnownFileType = sourcecode.swift; path = SimpleCard.swift; sourceTree = "<group>"; };
		56649C352CDF37AF00C7048C /* SimpleIconCard.swift */ = {isa = PBXFileReference; lastKnownFileType = sourcecode.swift; path = SimpleIconCard.swift; sourceTree = "<group>"; };
		56649C362CDF37AF00C7048C /* StarReview.swift */ = {isa = PBXFileReference; lastKnownFileType = sourcecode.swift; path = StarReview.swift; sourceTree = "<group>"; };
		56649C382CDF37AF00C7048C /* Preview Assets.xcassets */ = {isa = PBXFileReference; lastKnownFileType = folder.assetcatalog; path = "Preview Assets.xcassets"; sourceTree = "<group>"; };
		56649C3A2CDF37AF00C7048C /* Assets.xcassets */ = {isa = PBXFileReference; lastKnownFileType = folder.assetcatalog; path = Assets.xcassets; sourceTree = "<group>"; };
		56649C3B2CDF37AF00C7048C /* ContentView.swift */ = {isa = PBXFileReference; lastKnownFileType = sourcecode.swift; path = ContentView.swift; sourceTree = "<group>"; };
		56649C3C2CDF37AF00C7048C /* MyListComponentsApp.swift */ = {isa = PBXFileReference; lastKnownFileType = sourcecode.swift; path = MyListComponentsApp.swift; sourceTree = "<group>"; };
		E0594A092CDF3C9F004CCBFE /* AccountManagementView.swift */ = {isa = PBXFileReference; lastKnownFileType = sourcecode.swift; path = AccountManagementView.swift; sourceTree = "<group>"; };
		E0594A0B2CDF4B53004CCBFE /* AlarmRow.swift */ = {isa = PBXFileReference; lastKnownFileType = sourcecode.swift; path = AlarmRow.swift; sourceTree = "<group>"; };
		E0594A0D2CDF5712004CCBFE /* hightView.swift */ = {isa = PBXFileReference; lastKnownFileType = sourcecode.swift; path = hightView.swift; sourceTree = "<group>"; };
/* End PBXFileReference section */

/* Begin PBXFrameworksBuildPhase section */
		56649BD22CDF15D500C7048C /* Frameworks */ = {
			isa = PBXFrameworksBuildPhase;
			buildActionMask = 2147483647;
			files = (
			);
			runOnlyForDeploymentPostprocessing = 0;
		};
/* End PBXFrameworksBuildPhase section */

/* Begin PBXGroup section */
		56649BCC2CDF15D500C7048C = {
			isa = PBXGroup;
			children = (
				56649C3D2CDF37AF00C7048C /* MyListComponents */,
				56649BD62CDF15D500C7048C /* Products */,
			);
			sourceTree = "<group>";
		};
		56649BD62CDF15D500C7048C /* Products */ = {
			isa = PBXGroup;
			children = (
				56649BD52CDF15D500C7048C /* MyListComponents.app */,
			);
			name = Products;
			sourceTree = "<group>";
		};
		56649C372CDF37AF00C7048C /* Components */ = {
			isa = PBXGroup;
			children = (
				56649C342CDF37AF00C7048C /* SimpleCard.swift */,
				E0594A0D2CDF5712004CCBFE /* hightView.swift */,
				56649C352CDF37AF00C7048C /* SimpleIconCard.swift */,
				56649C362CDF37AF00C7048C /* StarReview.swift */,
				E0594A092CDF3C9F004CCBFE /* AccountManagementView.swift */,
				E0594A0B2CDF4B53004CCBFE /* AlarmRow.swift */,
			);
			path = Components;
			sourceTree = "<group>";
		};
		56649C392CDF37AF00C7048C /* Preview Content */ = {
			isa = PBXGroup;
			children = (
				56649C382CDF37AF00C7048C /* Preview Assets.xcassets */,
			);
			path = "Preview Content";
			sourceTree = "<group>";
		};
		56649C3D2CDF37AF00C7048C /* MyListComponents */ = {
			isa = PBXGroup;
			children = (
				56649C372CDF37AF00C7048C /* Components */,
				56649C392CDF37AF00C7048C /* Preview Content */,
				56649C3A2CDF37AF00C7048C /* Assets.xcassets */,
				56649C3B2CDF37AF00C7048C /* ContentView.swift */,
				56649C3C2CDF37AF00C7048C /* MyListComponentsApp.swift */,
			);
			path = MyListComponents;
			sourceTree = "<group>";
		};
/* End PBXGroup section */

/* Begin PBXNativeTarget section */
		56649BD42CDF15D500C7048C /* MyListComponents */ = {
			isa = PBXNativeTarget;
			buildConfigurationList = 56649BE32CDF15D700C7048C /* Build configuration list for PBXNativeTarget "MyListComponents" */;
			buildPhases = (
				56649BD12CDF15D500C7048C /* Sources */,
				56649BD22CDF15D500C7048C /* Frameworks */,
				56649BD32CDF15D500C7048C /* Resources */,
			);
			buildRules = (
			);
			dependencies = (
			);
			name = MyListComponents;
			packageProductDependencies = (
			);
			productName = MyListComponents;
			productReference = 56649BD52CDF15D500C7048C /* MyListComponents.app */;
			productType = "com.apple.product-type.application";
		};
/* End PBXNativeTarget section */

/* Begin PBXProject section */
		56649BCD2CDF15D500C7048C /* Project object */ = {
			isa = PBXProject;
			attributes = {
				BuildIndependentTargetsInParallel = 1;
				LastSwiftUpdateCheck = 1600;
				LastUpgradeCheck = 1600;
				TargetAttributes = {
					56649BD42CDF15D500C7048C = {
						CreatedOnToolsVersion = 16.0;
					};
				};
			};
			buildConfigurationList = 56649BD02CDF15D500C7048C /* Build configuration list for PBXProject "MyListComponents" */;
			compatibilityVersion = "Xcode 15.3";
			developmentRegion = en;
			hasScannedForEncodings = 0;
			knownRegions = (
				en,
				Base,
			);
			mainGroup = 56649BCC2CDF15D500C7048C;
			minimizedProjectReferenceProxies = 1;
			productRefGroup = 56649BD62CDF15D500C7048C /* Products */;
			projectDirPath = "";
			projectRoot = "";
			targets = (
				56649BD42CDF15D500C7048C /* MyListComponents */,
			);
		};
/* End PBXProject section */

/* Begin PBXResourcesBuildPhase section */
		56649BD32CDF15D500C7048C /* Resources */ = {
			isa = PBXResourcesBuildPhase;
			buildActionMask = 2147483647;
			files = (
				56649C432CDF37AF00C7048C /* Preview Assets.xcassets in Resources */,
				56649C442CDF37AF00C7048C /* Assets.xcassets in Resources */,
			);
			runOnlyForDeploymentPostprocessing = 0;
		};
/* End PBXResourcesBuildPhase section */

/* Begin PBXSourcesBuildPhase section */
		56649BD12CDF15D500C7048C /* Sources */ = {
			isa = PBXSourcesBuildPhase;
			buildActionMask = 2147483647;
			files = (
				56649C3E2CDF37AF00C7048C /* SimpleCard.swift in Sources */,
				E0594A0E2CDF571C004CCBFE /* hightView.swift in Sources */,
				E0594A0A2CDF3C9F004CCBFE /* AccountManagementView.swift in Sources */,
				E0594A0C2CDF4B5B004CCBFE /* AlarmRow.swift in Sources */,
				56649C3F2CDF37AF00C7048C /* SimpleIconCard.swift in Sources */,
				56649C402CDF37AF00C7048C /* StarReview.swift in Sources */,
				56649C412CDF37AF00C7048C /* ContentView.swift in Sources */,
				56649C422CDF37AF00C7048C /* MyListComponentsApp.swift in Sources */,
			);
			runOnlyForDeploymentPostprocessing = 0;
		};
/* End PBXSourcesBuildPhase section */

/* Begin XCBuildConfiguration section */
		56649BE12CDF15D700C7048C /* Debug */ = {
			isa = XCBuildConfiguration;
			buildSettings = {
				ALWAYS_SEARCH_USER_PATHS = NO;
				ASSETCATALOG_COMPILER_GENERATE_SWIFT_ASSET_SYMBOL_EXTENSIONS = YES;
				CLANG_ANALYZER_NONNULL = YES;
				CLANG_ANALYZER_NUMBER_OBJECT_CONVERSION = YES_AGGRESSIVE;
				CLANG_CXX_LANGUAGE_STANDARD = "gnu++20";
				CLANG_ENABLE_MODULES = YES;
				CLANG_ENABLE_OBJC_ARC = YES;
				CLANG_ENABLE_OBJC_WEAK = YES;
				CLANG_WARN_BLOCK_CAPTURE_AUTORELEASING = YES;
				CLANG_WARN_BOOL_CONVERSION = YES;
				CLANG_WARN_COMMA = YES;
				CLANG_WARN_CONSTANT_CONVERSION = YES;
				CLANG_WARN_DEPRECATED_OBJC_IMPLEMENTATIONS = YES;
				CLANG_WARN_DIRECT_OBJC_ISA_USAGE = YES_ERROR;
				CLANG_WARN_DOCUMENTATION_COMMENTS = YES;
				CLANG_WARN_EMPTY_BODY = YES;
				CLANG_WARN_ENUM_CONVERSION = YES;
				CLANG_WARN_INFINITE_RECURSION = YES;
				CLANG_WARN_INT_CONVERSION = YES;
				CLANG_WARN_NON_LITERAL_NULL_CONVERSION = YES;
				CLANG_WARN_OBJC_IMPLICIT_RETAIN_SELF = YES;
				CLANG_WARN_OBJC_LITERAL_CONVERSION = YES;
				CLANG_WARN_OBJC_ROOT_CLASS = YES_ERROR;
				CLANG_WARN_QUOTED_INCLUDE_IN_FRAMEWORK_HEADER = YES;
				CLANG_WARN_RANGE_LOOP_ANALYSIS = YES;
				CLANG_WARN_STRICT_PROTOTYPES = YES;
				CLANG_WARN_SUSPICIOUS_MOVE = YES;
				CLANG_WARN_UNGUARDED_AVAILABILITY = YES_AGGRESSIVE;
				CLANG_WARN_UNREACHABLE_CODE = YES;
				CLANG_WARN__DUPLICATE_METHOD_MATCH = YES;
				COPY_PHASE_STRIP = NO;
				DEBUG_INFORMATION_FORMAT = dwarf;
				ENABLE_STRICT_OBJC_MSGSEND = YES;
				ENABLE_TESTABILITY = YES;
				ENABLE_USER_SCRIPT_SANDBOXING = YES;
				GCC_C_LANGUAGE_STANDARD = gnu17;
				GCC_DYNAMIC_NO_PIC = NO;
				GCC_NO_COMMON_BLOCKS = YES;
				GCC_OPTIMIZATION_LEVEL = 0;
				GCC_PREPROCESSOR_DEFINITIONS = (
					"DEBUG=1",
					"$(inherited)",
				);
				GCC_WARN_64_TO_32_BIT_CONVERSION = YES;
				GCC_WARN_ABOUT_RETURN_TYPE = YES_ERROR;
				GCC_WARN_UNDECLARED_SELECTOR = YES;
				GCC_WARN_UNINITIALIZED_AUTOS = YES_AGGRESSIVE;
				GCC_WARN_UNUSED_FUNCTION = YES;
				GCC_WARN_UNUSED_VARIABLE = YES;
				IPHONEOS_DEPLOYMENT_TARGET = 18.0;
				LOCALIZATION_PREFERS_STRING_CATALOGS = YES;
				MTL_ENABLE_DEBUG_INFO = INCLUDE_SOURCE;
				MTL_FAST_MATH = YES;
				ONLY_ACTIVE_ARCH = YES;
				SDKROOT = iphoneos;
				SWIFT_ACTIVE_COMPILATION_CONDITIONS = "DEBUG $(inherited)";
				SWIFT_OPTIMIZATION_LEVEL = "-Onone";
			};
			name = Debug;
		};
		56649BE22CDF15D700C7048C /* Release */ = {
			isa = XCBuildConfiguration;
			buildSettings = {
				ALWAYS_SEARCH_USER_PATHS = NO;
				ASSETCATALOG_COMPILER_GENERATE_SWIFT_ASSET_SYMBOL_EXTENSIONS = YES;
				CLANG_ANALYZER_NONNULL = YES;
				CLANG_ANALYZER_NUMBER_OBJECT_CONVERSION = YES_AGGRESSIVE;
				CLANG_CXX_LANGUAGE_STANDARD = "gnu++20";
				CLANG_ENABLE_MODULES = YES;
				CLANG_ENABLE_OBJC_ARC = YES;
				CLANG_ENABLE_OBJC_WEAK = YES;
				CLANG_WARN_BLOCK_CAPTURE_AUTORELEASING = YES;
				CLANG_WARN_BOOL_CONVERSION = YES;
				CLANG_WARN_COMMA = YES;
				CLANG_WARN_CONSTANT_CONVERSION = YES;
				CLANG_WARN_DEPRECATED_OBJC_IMPLEMENTATIONS = YES;
				CLANG_WARN_DIRECT_OBJC_ISA_USAGE = YES_ERROR;
				CLANG_WARN_DOCUMENTATION_COMMENTS = YES;
				CLANG_WARN_EMPTY_BODY = YES;
				CLANG_WARN_ENUM_CONVERSION = YES;
				CLANG_WARN_INFINITE_RECURSION = YES;
				CLANG_WARN_INT_CONVERSION = YES;
				CLANG_WARN_NON_LITERAL_NULL_CONVERSION = YES;
				CLANG_WARN_OBJC_IMPLICIT_RETAIN_SELF = YES;
				CLANG_WARN_OBJC_LITERAL_CONVERSION = YES;
				CLANG_WARN_OBJC_ROOT_CLASS = YES_ERROR;
				CLANG_WARN_QUOTED_INCLUDE_IN_FRAMEWORK_HEADER = YES;
				CLANG_WARN_RANGE_LOOP_ANALYSIS = YES;
				CLANG_WARN_STRICT_PROTOTYPES = YES;
				CLANG_WARN_SUSPICIOUS_MOVE = YES;
				CLANG_WARN_UNGUARDED_AVAILABILITY = YES_AGGRESSIVE;
				CLANG_WARN_UNREACHABLE_CODE = YES;
				CLANG_WARN__DUPLICATE_METHOD_MATCH = YES;
				COPY_PHASE_STRIP = NO;
				DEBUG_INFORMATION_FORMAT = "dwarf-with-dsym";
				ENABLE_NS_ASSERTIONS = NO;
				ENABLE_STRICT_OBJC_MSGSEND = YES;
				ENABLE_USER_SCRIPT_SANDBOXING = YES;
				GCC_C_LANGUAGE_STANDARD = gnu17;
				GCC_NO_COMMON_BLOCKS = YES;
				GCC_WARN_64_TO_32_BIT_CONVERSION = YES;
				GCC_WARN_ABOUT_RETURN_TYPE = YES_ERROR;
				GCC_WARN_UNDECLARED_SELECTOR = YES;
				GCC_WARN_UNINITIALIZED_AUTOS = YES_AGGRESSIVE;
				GCC_WARN_UNUSED_FUNCTION = YES;
				GCC_WARN_UNUSED_VARIABLE = YES;
				IPHONEOS_DEPLOYMENT_TARGET = 18.0;
				LOCALIZATION_PREFERS_STRING_CATALOGS = YES;
				MTL_ENABLE_DEBUG_INFO = NO;
				MTL_FAST_MATH = YES;
				SDKROOT = iphoneos;
				SWIFT_COMPILATION_MODE = wholemodule;
				VALIDATE_PRODUCT = YES;
			};
			name = Release;
		};
		56649BE42CDF15D700C7048C /* Debug */ = {
			isa = XCBuildConfiguration;
			buildSettings = {
				ASSETCATALOG_COMPILER_APPICON_NAME = AppIcon;
				ASSETCATALOG_COMPILER_GLOBAL_ACCENT_COLOR_NAME = AccentColor;
				CODE_SIGN_STYLE = Automatic;
				CURRENT_PROJECT_VERSION = 1;
				DEVELOPMENT_ASSET_PATHS = "\"MyListComponents/Preview Content\"";
				DEVELOPMENT_TEAM = A83T6Q47R6;
				ENABLE_PREVIEWS = YES;
				GENERATE_INFOPLIST_FILE = YES;
				INFOPLIST_KEY_UIApplicationSceneManifest_Generation = YES;
				INFOPLIST_KEY_UIApplicationSupportsIndirectInputEvents = YES;
				INFOPLIST_KEY_UILaunchScreen_Generation = YES;
				INFOPLIST_KEY_UISupportedInterfaceOrientations_iPad = "UIInterfaceOrientationPortrait UIInterfaceOrientationPortraitUpsideDown UIInterfaceOrientationLandscapeLeft UIInterfaceOrientationLandscapeRight";
				INFOPLIST_KEY_UISupportedInterfaceOrientations_iPhone = "UIInterfaceOrientationPortrait UIInterfaceOrientationLandscapeLeft UIInterfaceOrientationLandscapeRight";
				IPHONEOS_DEPLOYMENT_TARGET = 17.0;
				LD_RUNPATH_SEARCH_PATHS = (
					"$(inherited)",
					"@executable_path/Frameworks",
				);
				MARKETING_VERSION = 1.0;
				PRODUCT_BUNDLE_IDENTIFIER = com.yukiny.MyListComponents;
				PRODUCT_NAME = "$(TARGET_NAME)";
				SWIFT_EMIT_LOC_STRINGS = YES;
				SWIFT_VERSION = 5.0;
				TARGETED_DEVICE_FAMILY = "1,2";
			};
			name = Debug;
		};
		56649BE52CDF15D700C7048C /* Release */ = {
			isa = XCBuildConfiguration;
			buildSettings = {
				ASSETCATALOG_COMPILER_APPICON_NAME = AppIcon;
				ASSETCATALOG_COMPILER_GLOBAL_ACCENT_COLOR_NAME = AccentColor;
				CODE_SIGN_STYLE = Automatic;
				CURRENT_PROJECT_VERSION = 1;
				DEVELOPMENT_ASSET_PATHS = "\"MyListComponents/Preview Content\"";
				DEVELOPMENT_TEAM = A83T6Q47R6;
				ENABLE_PREVIEWS = YES;
				GENERATE_INFOPLIST_FILE = YES;
				INFOPLIST_KEY_UIApplicationSceneManifest_Generation = YES;
				INFOPLIST_KEY_UIApplicationSupportsIndirectInputEvents = YES;
				INFOPLIST_KEY_UILaunchScreen_Generation = YES;
				INFOPLIST_KEY_UISupportedInterfaceOrientations_iPad = "UIInterfaceOrientationPortrait UIInterfaceOrientationPortraitUpsideDown UIInterfaceOrientationLandscapeLeft UIInterfaceOrientationLandscapeRight";
				INFOPLIST_KEY_UISupportedInterfaceOrientations_iPhone = "UIInterfaceOrientationPortrait UIInterfaceOrientationLandscapeLeft UIInterfaceOrientationLandscapeRight";
				IPHONEOS_DEPLOYMENT_TARGET = 17.0;
				LD_RUNPATH_SEARCH_PATHS = (
					"$(inherited)",
					"@executable_path/Frameworks",
				);
				MARKETING_VERSION = 1.0;
				PRODUCT_BUNDLE_IDENTIFIER = com.yukiny.MyListComponents;
				PRODUCT_NAME = "$(TARGET_NAME)";
				SWIFT_EMIT_LOC_STRINGS = YES;
				SWIFT_VERSION = 5.0;
				TARGETED_DEVICE_FAMILY = "1,2";
			};
			name = Release;
		};
/* End XCBuildConfiguration section */

/* Begin XCConfigurationList section */
		56649BD02CDF15D500C7048C /* Build configuration list for PBXProject "MyListComponents" */ = {
			isa = XCConfigurationList;
			buildConfigurations = (
				56649BE12CDF15D700C7048C /* Debug */,
				56649BE22CDF15D700C7048C /* Release */,
			);
			defaultConfigurationIsVisible = 0;
			defaultConfigurationName = Release;
		};
		56649BE32CDF15D700C7048C /* Build configuration list for PBXNativeTarget "MyListComponents" */ = {
			isa = XCConfigurationList;
			buildConfigurations = (
				56649BE42CDF15D700C7048C /* Debug */,
				56649BE52CDF15D700C7048C /* Release */,
			);
			defaultConfigurationIsVisible = 0;
			defaultConfigurationName = Release;
		};
/* End XCConfigurationList section */
	};
	rootObject = 56649BCD2CDF15D500C7048C /* Project object */;
}
